<?xml version="1.0" encoding="utf-8"?>
<Project ToolsVersion="4.0" xmlns="http://schemas.microsoft.com/developer/msbuild/2003">
  <ItemGroup>
    <Filter Include="Source Files">
      <UniqueIdentifier>{4FC737F1-C7A5-4376-A066-2A32D752A2FF}</UniqueIdentifier>
      <Extensions>cpp;c;cc;cxx;def;odl;idl;hpj;bat;asm;asmx</Extensions>
    </Filter>
    <Filter Include="Header Files">
      <UniqueIdentifier>{93995380-89BD-4b04-88EB-625FBE52EBFB}</UniqueIdentifier>
      <Extensions>h;hh;hpp;hxx;hm;inl;inc;xsd</Extensions>
    </Filter>
    <Filter Include="Resource Files">
      <UniqueIdentifier>{67DA6AB6-F800-4c08-8B7A-83BB121AAD01}</UniqueIdentifier>
      <Extensions>rc;ico;cur;bmp;dlg;rc2;rct;bin;rgs;gif;jpg;jpeg;jpe;resx;tiff;tif;png;wav;mfcribbon-ms</Extensions>
    </Filter>
  </ItemGroup>
  <ItemGroup>
    <ClCompile Include="..\appendix.c">
      <Filter>Source Files</Filter>
    </ClCompile>
    <ClCompile Include="..\appsub.c">
      <Filter>Source Files</Filter>
    </ClCompile>
    <ClCompile Include="..\bcd.c">
      <Filter>Source Files</Filter>
    </ClCompile>
    <ClCompile Include="..\binary.c">
      <Filter>Source Files</Filter>
    </ClCompile>
    <ClCompile Include="..\bitmap.c">
      <Filter>Source Files</Filter>
    </ClCompile>
    <ClCompile Include="..\book.c">
      <Filter>Source Files</Filter>
    </ClCompile>
    <ClCompile Include="..\booklist.c">
      <Filter>Source Files</Filter>
    </ClCompile>
    <ClCompile Include="..\copyright.c">
      <Filter>Source Files</Filter>
    </ClCompile>
    <ClCompile Include="..\cross.c">
      <Filter>Source Files</Filter>
    </ClCompile>
    <ClCompile Include="..\eb.c">
      <Filter>Source Files</Filter>
    </ClCompile>
    <ClCompile Include="..\endword.c">
      <Filter>Source Files</Filter>
    </ClCompile>
    <ClCompile Include="..\error.c">
      <Filter>Source Files</Filter>
    </ClCompile>
    <ClCompile Include="..\exactword.c">
      <Filter>Source Files</Filter>
    </ClCompile>
    <ClCompile Include="..\filename.c">
      <Filter>Source Files</Filter>
    </ClCompile>
    <ClCompile Include="..\font.c">
      <Filter>Source Files</Filter>
    </ClCompile>
    <ClCompile Include="..\hook.c">
      <Filter>Source Files</Filter>
    </ClCompile>
    <ClCompile Include="..\jacode.c">
      <Filter>Source Files</Filter>
    </ClCompile>
    <ClCompile Include="..\keyword.c">
      <Filter>Source Files</Filter>
    </ClCompile>
    <ClCompile Include="..\lock.c">
      <Filter>Source Files</Filter>
    </ClCompile>
    <ClCompile Include="..\log.c">
      <Filter>Source Files</Filter>
    </ClCompile>
    <ClCompile Include="..\match.c">
      <Filter>Source Files</Filter>
    </ClCompile>
    <ClCompile Include="..\menu.c">
      <Filter>Source Files</Filter>
    </ClCompile>
    <ClCompile Include="..\multi.c">
      <Filter>Source Files</Filter>
    </ClCompile>
    <ClCompile Include="..\narwalt.c">
      <Filter>Source Files</Filter>
    </ClCompile>
    <ClCompile Include="..\narwfont.c">
      <Filter>Source Files</Filter>
    </ClCompile>
    <ClCompile Include="..\readtext.c">
      <Filter>Source Files</Filter>
    </ClCompile>
    <ClCompile Include="..\search.c">
      <Filter>Source Files</Filter>
    </ClCompile>
    <ClCompile Include="..\setword.c">
      <Filter>Source Files</Filter>
    </ClCompile>
    <ClCompile Include="..\stopcode.c">
      <Filter>Source Files</Filter>
    </ClCompile>
    <ClCompile Include="..\strcasecmp.c">
      <Filter>Source Files</Filter>
    </ClCompile>
    <ClCompile Include="..\subbook.c">
      <Filter>Source Files</Filter>
    </ClCompile>
    <ClCompile Include="..\text.c">
      <Filter>Source Files</Filter>
    </ClCompile>
    <ClCompile Include="..\widealt.c">
      <Filter>Source Files</Filter>
    </ClCompile>
    <ClCompile Include="..\widefont.c">
      <Filter>Source Files</Filter>
    </ClCompile>
    <ClCompile Include="..\word.c">
      <Filter>Source Files</Filter>
    </ClCompile>
    <ClCompile Include="..\zio.c">
      <Filter>Source Files</Filter>
    </ClCompile>
  </ItemGroup>
  <ItemGroup>
    <ClInclude Include="..\appendix.h">
      <Filter>Header Files</Filter>
    </ClInclude>
    <ClInclude Include="..\binary.h">
      <Filter>Header Files</Filter>
    </ClInclude>
    <ClInclude Include="..\booklist.h">
      <Filter>Header Files</Filter>
    </ClInclude>
    <ClInclude Include="..\build-pre.h">
      <Filter>Header Files</Filter>
    </ClInclude>
    <ClInclude Include="..\defs.h">
      <Filter>Header Files</Filter>
    </ClInclude>
    <ClInclude Include="..\eb.h">
      <Filter>Header Files</Filter>
    </ClInclude>
    <ClInclude Include="..\error.h">
      <Filter>Header Files</Filter>
    </ClInclude>
    <ClInclude Include="..\font.h">
      <Filter>Header Files</Filter>
    </ClInclude>
    <ClInclude Include="..\text.h">
      <Filter>Header Files</Filter>
    </ClInclude>
    <ClInclude Include="..\zio.h">
      <Filter>Header Files</Filter>
    </ClInclude>
    <ClInclude Include="..\build-post.h">
      <Filter>Header Files</Filter>
    </ClInclude>
    <ClInclude Include="..\ebnet.h">
      <Filter>Header Files</Filter>
    </ClInclude>
  </ItemGroup>
</Project>